// !$*UTF8*$!
{
	archiveVersion = 1;
	classes = {
	};
	objectVersion = 56;
	objects = {

/* Begin PBXBuildFile section */
		55CD618AE13BF43A760EB04A /* Pods_TestWikipedia.framework in Frameworks */ = {isa = PBXBuildFile; fileRef = 39A68E91E32D7B2EEAA31C4D /* Pods_TestWikipedia.framework */; };
		F67F81292AEEFD5800A2024B /* AppDelegate.swift in Sources */ = {isa = PBXBuildFile; fileRef = F67F81282AEEFD5800A2024B /* AppDelegate.swift */; };
		F67F81322AEEFD5900A2024B /* Assets.xcassets in Resources */ = {isa = PBXBuildFile; fileRef = F67F81312AEEFD5900A2024B /* Assets.xcassets */; };
		F67F81352AEEFD5900A2024B /* LaunchScreen.storyboard in Resources */ = {isa = PBXBuildFile; fileRef = F67F81332AEEFD5900A2024B /* LaunchScreen.storyboard */; };
		F67F81462AEF11C100A2024B /* Coordinator.swift in Sources */ = {isa = PBXBuildFile; fileRef = F67F81452AEF11C100A2024B /* Coordinator.swift */; };
		F67F814A2AEF149900A2024B /* PlacesListViewController.swift in Sources */ = {isa = PBXBuildFile; fileRef = F67F81492AEF149900A2024B /* PlacesListViewController.swift */; };
		F67F81502AEF153A00A2024B /* PlacesListTableViewCell.swift in Sources */ = {isa = PBXBuildFile; fileRef = F67F814F2AEF153A00A2024B /* PlacesListTableViewCell.swift */; };
		F67F81542AF00CF300A2024B /* PlacesApiService.swift in Sources */ = {isa = PBXBuildFile; fileRef = F67F81532AF00CF300A2024B /* PlacesApiService.swift */; };
		F67F81572AF02D3B00A2024B /* APIConstants.swift in Sources */ = {isa = PBXBuildFile; fileRef = F67F81562AF02D3B00A2024B /* APIConstants.swift */; };
		F67F815B2AF03D1B00A2024B /* RealmManager.swift in Sources */ = {isa = PBXBuildFile; fileRef = F67F815A2AF03D1B00A2024B /* RealmManager.swift */; };
		F67F815D2AF0450F00A2024B /* CustomNavigationController.swift in Sources */ = {isa = PBXBuildFile; fileRef = F67F815C2AF0450F00A2024B /* CustomNavigationController.swift */; };
		F67F815F2AF0464300A2024B /* PlaceModel.swift in Sources */ = {isa = PBXBuildFile; fileRef = F67F815E2AF0464300A2024B /* PlaceModel.swift */; };
		F67F81622AF0473000A2024B /* StringUtils.swift in Sources */ = {isa = PBXBuildFile; fileRef = F67F81612AF0473000A2024B /* StringUtils.swift */; };
		F67F81642AF0496800A2024B /* NumberUtils.swift in Sources */ = {isa = PBXBuildFile; fileRef = F67F81632AF0496800A2024B /* NumberUtils.swift */; };
		F67F81672AF0FD2900A2024B /* PlacesPresenter.swift in Sources */ = {isa = PBXBuildFile; fileRef = F67F81662AF0FD2900A2024B /* PlacesPresenter.swift */; };
		F68116B12AF1905800897015 /* ColorUtils.swift in Sources */ = {isa = PBXBuildFile; fileRef = F68116B02AF1905800897015 /* ColorUtils.swift */; };
		F68116B32AF2994600897015 /* GenericDecoderManager.swift in Sources */ = {isa = PBXBuildFile; fileRef = F68116B22AF2994600897015 /* GenericDecoderManager.swift */; };
/* End PBXBuildFile section */

/* Begin PBXFileReference section */
		39A68E91E32D7B2EEAA31C4D /* Pods_TestWikipedia.framework */ = {isa = PBXFileReference; explicitFileType = wrapper.framework; includeInIndex = 0; path = Pods_TestWikipedia.framework; sourceTree = BUILT_PRODUCTS_DIR; };
		72002AAD66E2B028454F6C04 /* Pods-TestWikipedia.release.xcconfig */ = {isa = PBXFileReference; includeInIndex = 1; lastKnownFileType = text.xcconfig; name = "Pods-TestWikipedia.release.xcconfig"; path = "Target Support Files/Pods-TestWikipedia/Pods-TestWikipedia.release.xcconfig"; sourceTree = "<group>"; };
		BB8E2B97DF87CF1EB2A165E2 /* Pods-TestWikipedia.debug.xcconfig */ = {isa = PBXFileReference; includeInIndex = 1; lastKnownFileType = text.xcconfig; name = "Pods-TestWikipedia.debug.xcconfig"; path = "Target Support Files/Pods-TestWikipedia/Pods-TestWikipedia.debug.xcconfig"; sourceTree = "<group>"; };
		F67F81252AEEFD5800A2024B /* TestWikipedia.app */ = {isa = PBXFileReference; explicitFileType = wrapper.application; includeInIndex = 0; path = TestWikipedia.app; sourceTree = BUILT_PRODUCTS_DIR; };
		F67F81282AEEFD5800A2024B /* AppDelegate.swift */ = {isa = PBXFileReference; lastKnownFileType = sourcecode.swift; path = AppDelegate.swift; sourceTree = "<group>"; };
		F67F81312AEEFD5900A2024B /* Assets.xcassets */ = {isa = PBXFileReference; lastKnownFileType = folder.assetcatalog; path = Assets.xcassets; sourceTree = "<group>"; };
		F67F81342AEEFD5900A2024B /* Base */ = {isa = PBXFileReference; lastKnownFileType = file.storyboard; name = Base; path = Base.lproj/LaunchScreen.storyboard; sourceTree = "<group>"; };
		F67F81362AEEFD5900A2024B /* Info.plist */ = {isa = PBXFileReference; lastKnownFileType = text.plist.xml; path = Info.plist; sourceTree = "<group>"; };
		F67F81452AEF11C100A2024B /* Coordinator.swift */ = {isa = PBXFileReference; lastKnownFileType = sourcecode.swift; path = Coordinator.swift; sourceTree = "<group>"; };
		F67F81492AEF149900A2024B /* PlacesListViewController.swift */ = {isa = PBXFileReference; lastKnownFileType = sourcecode.swift; path = PlacesListViewController.swift; sourceTree = "<group>"; };
		F67F814F2AEF153A00A2024B /* PlacesListTableViewCell.swift */ = {isa = PBXFileReference; lastKnownFileType = sourcecode.swift; path = PlacesListTableViewCell.swift; sourceTree = "<group>"; };
		F67F81532AF00CF300A2024B /* PlacesApiService.swift */ = {isa = PBXFileReference; lastKnownFileType = sourcecode.swift; path = PlacesApiService.swift; sourceTree = "<group>"; };
		F67F81562AF02D3B00A2024B /* APIConstants.swift */ = {isa = PBXFileReference; lastKnownFileType = sourcecode.swift; path = APIConstants.swift; sourceTree = "<group>"; };
		F67F815A2AF03D1B00A2024B /* RealmManager.swift */ = {isa = PBXFileReference; lastKnownFileType = sourcecode.swift; path = RealmManager.swift; sourceTree = "<group>"; };
		F67F815C2AF0450F00A2024B /* CustomNavigationController.swift */ = {isa = PBXFileReference; lastKnownFileType = sourcecode.swift; path = CustomNavigationController.swift; sourceTree = "<group>"; };
		F67F815E2AF0464300A2024B /* PlaceModel.swift */ = {isa = PBXFileReference; lastKnownFileType = sourcecode.swift; path = PlaceModel.swift; sourceTree = "<group>"; };
		F67F81612AF0473000A2024B /* StringUtils.swift */ = {isa = PBXFileReference; lastKnownFileType = sourcecode.swift; path = StringUtils.swift; sourceTree = "<group>"; };
		F67F81632AF0496800A2024B /* NumberUtils.swift */ = {isa = PBXFileReference; lastKnownFileType = sourcecode.swift; path = NumberUtils.swift; sourceTree = "<group>"; };
		F67F81662AF0FD2900A2024B /* PlacesPresenter.swift */ = {isa = PBXFileReference; lastKnownFileType = sourcecode.swift; path = PlacesPresenter.swift; sourceTree = "<group>"; };
		F68116B02AF1905800897015 /* ColorUtils.swift */ = {isa = PBXFileReference; lastKnownFileType = sourcecode.swift; path = ColorUtils.swift; sourceTree = "<group>"; };
		F68116B22AF2994600897015 /* GenericDecoderManager.swift */ = {isa = PBXFileReference; lastKnownFileType = sourcecode.swift; path = GenericDecoderManager.swift; sourceTree = "<group>"; };
/* End PBXFileReference section */

/* Begin PBXFrameworksBuildPhase section */
		F67F81222AEEFD5800A2024B /* Frameworks */ = {
			isa = PBXFrameworksBuildPhase;
			buildActionMask = 2147483647;
			files = (
				55CD618AE13BF43A760EB04A /* Pods_TestWikipedia.framework in Frameworks */,
			);
			runOnlyForDeploymentPostprocessing = 0;
		};
/* End PBXFrameworksBuildPhase section */

/* Begin PBXGroup section */
		0E8D8F841D2F5CB0EC5EAA1B /* Pods */ = {
			isa = PBXGroup;
			children = (
				BB8E2B97DF87CF1EB2A165E2 /* Pods-TestWikipedia.debug.xcconfig */,
				72002AAD66E2B028454F6C04 /* Pods-TestWikipedia.release.xcconfig */,
			);
			path = Pods;
			sourceTree = "<group>";
		};
		D9D3459124ABA68E49B77242 /* Frameworks */ = {
			isa = PBXGroup;
			children = (
				39A68E91E32D7B2EEAA31C4D /* Pods_TestWikipedia.framework */,
			);
			name = Frameworks;
			sourceTree = "<group>";
		};
		F67F811C2AEEFD5800A2024B = {
			isa = PBXGroup;
			children = (
				F67F81272AEEFD5800A2024B /* TestWikipedia */,
				F67F81262AEEFD5800A2024B /* Products */,
				0E8D8F841D2F5CB0EC5EAA1B /* Pods */,
				D9D3459124ABA68E49B77242 /* Frameworks */,
			);
			sourceTree = "<group>";
		};
		F67F81262AEEFD5800A2024B /* Products */ = {
			isa = PBXGroup;
			children = (
				F67F81252AEEFD5800A2024B /* TestWikipedia.app */,
			);
			name = Products;
			sourceTree = "<group>";
		};
		F67F81272AEEFD5800A2024B /* TestWikipedia */ = {
			isa = PBXGroup;
			children = (
				F67F81512AF00C8F00A2024B /* Network */,
				F67F813C2AEF0FB900A2024B /* App */,
				F67F813E2AEF106900A2024B /* Navigation */,
				F67F813F2AEF107E00A2024B /* Managers */,
				F67F81402AEF10A400A2024B /* Models */,
				F67F81412AEF10BC00A2024B /* Utilities */,
				F67F81422AEF10DA00A2024B /* Views */,
				F67F81432AEF10FF00A2024B /* Sources */,
				F67F81362AEEFD5900A2024B /* Info.plist */,
			);
			path = TestWikipedia;
			sourceTree = "<group>";
		};
		F67F813C2AEF0FB900A2024B /* App */ = {
			isa = PBXGroup;
			children = (
				F67F81282AEEFD5800A2024B /* AppDelegate.swift */,
			);
			path = App;
			sourceTree = "<group>";
		};
		F67F813E2AEF106900A2024B /* Navigation */ = {
			isa = PBXGroup;
			children = (
				F67F81452AEF11C100A2024B /* Coordinator.swift */,
				F67F815C2AF0450F00A2024B /* CustomNavigationController.swift */,
			);
			path = Navigation;
			sourceTree = "<group>";
		};
		F67F813F2AEF107E00A2024B /* Managers */ = {
			isa = PBXGroup;
			children = (
				F67F815A2AF03D1B00A2024B /* RealmManager.swift */,
				F68116B22AF2994600897015 /* GenericDecoderManager.swift */,
			);
			path = Managers;
			sourceTree = "<group>";
		};
		F67F81402AEF10A400A2024B /* Models */ = {
			isa = PBXGroup;
			children = (
				F67F815E2AF0464300A2024B /* PlaceModel.swift */,
			);
			path = Models;
			sourceTree = "<group>";
		};
		F67F81412AEF10BC00A2024B /* Utilities */ = {
			isa = PBXGroup;
			children = (
				F67F81602AF0471700A2024B /* Extensions */,
			);
			path = Utilities;
			sourceTree = "<group>";
		};
		F67F81422AEF10DA00A2024B /* Views */ = {
			isa = PBXGroup;
			children = (
				F67F81332AEEFD5900A2024B /* LaunchScreen.storyboard */,
				F67F81472AEF13EC00A2024B /* PlacesList */,
			);
			path = Views;
			sourceTree = "<group>";
		};
		F67F81432AEF10FF00A2024B /* Sources */ = {
			isa = PBXGroup;
			children = (
				F67F81312AEEFD5900A2024B /* Assets.xcassets */,
			);
			path = Sources;
			sourceTree = "<group>";
		};
		F67F81472AEF13EC00A2024B /* PlacesList */ = {
			isa = PBXGroup;
			children = (
				F67F814D2AEF150600A2024B /* Table Cell */,
				F67F81492AEF149900A2024B /* PlacesListViewController.swift */,
			);
			path = PlacesList;
			sourceTree = "<group>";
		};
		F67F814D2AEF150600A2024B /* Table Cell */ = {
			isa = PBXGroup;
			children = (
				F67F814F2AEF153A00A2024B /* PlacesListTableViewCell.swift */,
			);
			path = "Table Cell";
			sourceTree = "<group>";
		};
		F67F81512AF00C8F00A2024B /* Network */ = {
			isa = PBXGroup;
			children = (
				F67F81652AF0FD0B00A2024B /* Presenters */,
				F67F81522AF00CB100A2024B /* ApiService */,
				F67F81552AF029C800A2024B /* General */,
			);
			path = Network;
			sourceTree = "<group>";
		};
		F67F81522AF00CB100A2024B /* ApiService */ = {
			isa = PBXGroup;
			children = (
				F67F81532AF00CF300A2024B /* PlacesApiService.swift */,
			);
			path = ApiService;
			sourceTree = "<group>";
		};
		F67F81552AF029C800A2024B /* General */ = {
			isa = PBXGroup;
			children = (
				F67F81562AF02D3B00A2024B /* APIConstants.swift */,
			);
			path = General;
			sourceTree = "<group>";
		};
		F67F81602AF0471700A2024B /* Extensions */ = {
			isa = PBXGroup;
			children = (
				F67F81612AF0473000A2024B /* StringUtils.swift */,
				F67F81632AF0496800A2024B /* NumberUtils.swift */,
				F68116B02AF1905800897015 /* ColorUtils.swift */,
			);
			path = Extensions;
			sourceTree = "<group>";
		};
		F67F81652AF0FD0B00A2024B /* Presenters */ = {
			isa = PBXGroup;
			children = (
				F67F81662AF0FD2900A2024B /* PlacesPresenter.swift */,
			);
			path = Presenters;
			sourceTree = "<group>";
		};
/* End PBXGroup section */

/* Begin PBXNativeTarget section */
		F67F81242AEEFD5800A2024B /* TestWikipedia */ = {
			isa = PBXNativeTarget;
			buildConfigurationList = F67F81392AEEFD5900A2024B /* Build configuration list for PBXNativeTarget "TestWikipedia" */;
			buildPhases = (
				F2C3A380BC691B0DF35A4852 /* [CP] Check Pods Manifest.lock */,
				F67F81212AEEFD5800A2024B /* Sources */,
				F67F81222AEEFD5800A2024B /* Frameworks */,
				F67F81232AEEFD5800A2024B /* Resources */,
				D29215D9AB990205D92D3ED6 /* [CP] Embed Pods Frameworks */,
			);
			buildRules = (
			);
			dependencies = (
			);
			name = TestWikipedia;
			productName = TestWikipedia;
			productReference = F67F81252AEEFD5800A2024B /* TestWikipedia.app */;
			productType = "com.apple.product-type.application";
		};
/* End PBXNativeTarget section */

/* Begin PBXProject section */
		F67F811D2AEEFD5800A2024B /* Project object */ = {
			isa = PBXProject;
			attributes = {
				BuildIndependentTargetsInParallel = 1;
				LastSwiftUpdateCheck = 1500;
				LastUpgradeCheck = 1500;
				TargetAttributes = {
					F67F81242AEEFD5800A2024B = {
						CreatedOnToolsVersion = 15.0;
					};
				};
			};
			buildConfigurationList = F67F81202AEEFD5800A2024B /* Build configuration list for PBXProject "TestWikipedia" */;
			compatibilityVersion = "Xcode 14.0";
			developmentRegion = en;
			hasScannedForEncodings = 0;
			knownRegions = (
				en,
				Base,
			);
			mainGroup = F67F811C2AEEFD5800A2024B;
			productRefGroup = F67F81262AEEFD5800A2024B /* Products */;
			projectDirPath = "";
			projectRoot = "";
			targets = (
				F67F81242AEEFD5800A2024B /* TestWikipedia */,
			);
		};
/* End PBXProject section */

/* Begin PBXResourcesBuildPhase section */
		F67F81232AEEFD5800A2024B /* Resources */ = {
			isa = PBXResourcesBuildPhase;
			buildActionMask = 2147483647;
			files = (
				F67F81352AEEFD5900A2024B /* LaunchScreen.storyboard in Resources */,
				F67F81322AEEFD5900A2024B /* Assets.xcassets in Resources */,
			);
			runOnlyForDeploymentPostprocessing = 0;
		};
/* End PBXResourcesBuildPhase section */

/* Begin PBXShellScriptBuildPhase section */
		D29215D9AB990205D92D3ED6 /* [CP] Embed Pods Frameworks */ = {
			isa = PBXShellScriptBuildPhase;
			buildActionMask = 2147483647;
			files = (
			);
			inputFileListPaths = (
				"${PODS_ROOT}/Target Support Files/Pods-TestWikipedia/Pods-TestWikipedia-frameworks-${CONFIGURATION}-input-files.xcfilelist",
			);
			name = "[CP] Embed Pods Frameworks";
			outputFileListPaths = (
				"${PODS_ROOT}/Target Support Files/Pods-TestWikipedia/Pods-TestWikipedia-frameworks-${CONFIGURATION}-output-files.xcfilelist",
			);
			runOnlyForDeploymentPostprocessing = 0;
			shellPath = /bin/sh;
			shellScript = "\"${PODS_ROOT}/Target Support Files/Pods-TestWikipedia/Pods-TestWikipedia-frameworks.sh\"\n";
			showEnvVarsInLog = 0;
		};
		F2C3A380BC691B0DF35A4852 /* [CP] Check Pods Manifest.lock */ = {
			isa = PBXShellScriptBuildPhase;
			buildActionMask = 2147483647;
			files = (
			);
			inputFileListPaths = (
			);
			inputPaths = (
				"${PODS_PODFILE_DIR_PATH}/Podfile.lock",
				"${PODS_ROOT}/Manifest.lock",
			);
			name = "[CP] Check Pods Manifest.lock";
			outputFileListPaths = (
			);
			outputPaths = (
				"$(DERIVED_FILE_DIR)/Pods-TestWikipedia-checkManifestLockResult.txt",
			);
			runOnlyForDeploymentPostprocessing = 0;
			shellPath = /bin/sh;
			shellScript = "diff \"${PODS_PODFILE_DIR_PATH}/Podfile.lock\" \"${PODS_ROOT}/Manifest.lock\" > /dev/null\nif [ $? != 0 ] ; then\n    # print error to STDERR\n    echo \"error: The sandbox is not in sync with the Podfile.lock. Run 'pod install' or update your CocoaPods installation.\" >&2\n    exit 1\nfi\n# This output is used by Xcode 'outputs' to avoid re-running this script phase.\necho \"SUCCESS\" > \"${SCRIPT_OUTPUT_FILE_0}\"\n";
			showEnvVarsInLog = 0;
		};
/* End PBXShellScriptBuildPhase section */

/* Begin PBXSourcesBuildPhase section */
		F67F81212AEEFD5800A2024B /* Sources */ = {
			isa = PBXSourcesBuildPhase;
			buildActionMask = 2147483647;
			files = (
				F67F81672AF0FD2900A2024B /* PlacesPresenter.swift in Sources */,
				F68116B12AF1905800897015 /* ColorUtils.swift in Sources */,
				F67F81622AF0473000A2024B /* StringUtils.swift in Sources */,
				F67F81502AEF153A00A2024B /* PlacesListTableViewCell.swift in Sources */,
				F67F81572AF02D3B00A2024B /* APIConstants.swift in Sources */,
				F67F81292AEEFD5800A2024B /* AppDelegate.swift in Sources */,
				F67F81542AF00CF300A2024B /* PlacesApiService.swift in Sources */,
				F67F815B2AF03D1B00A2024B /* RealmManager.swift in Sources */,
				F67F815D2AF0450F00A2024B /* CustomNavigationController.swift in Sources */,
				F67F815F2AF0464300A2024B /* PlaceModel.swift in Sources */,
				F68116B32AF2994600897015 /* GenericDecoderManager.swift in Sources */,
				F67F814A2AEF149900A2024B /* PlacesListViewController.swift in Sources */,
				F67F81642AF0496800A2024B /* NumberUtils.swift in Sources */,
				F67F81462AEF11C100A2024B /* Coordinator.swift in Sources */,
			);
			runOnlyForDeploymentPostprocessing = 0;
		};
/* End PBXSourcesBuildPhase section */

/* Begin PBXVariantGroup section */
		F67F81332AEEFD5900A2024B /* LaunchScreen.storyboard */ = {
			isa = PBXVariantGroup;
			children = (
				F67F81342AEEFD5900A2024B /* Base */,
			);
			name = LaunchScreen.storyboard;
			sourceTree = "<group>";
		};
/* End PBXVariantGroup section */

/* Begin XCBuildConfiguration section */
		F67F81372AEEFD5900A2024B /* Debug */ = {
			isa = XCBuildConfiguration;
			buildSettings = {
				ALWAYS_SEARCH_USER_PATHS = NO;
				ASSETCATALOG_COMPILER_GENERATE_SWIFT_ASSET_SYMBOL_EXTENSIONS = YES;
				CLANG_ANALYZER_NONNULL = YES;
				CLANG_ANALYZER_NUMBER_OBJECT_CONVERSION = YES_AGGRESSIVE;
				CLANG_CXX_LANGUAGE_STANDARD = "gnu++20";
				CLANG_ENABLE_MODULES = YES;
				CLANG_ENABLE_OBJC_ARC = YES;
				CLANG_ENABLE_OBJC_WEAK = YES;
				CLANG_WARN_BLOCK_CAPTURE_AUTORELEASING = YES;
				CLANG_WARN_BOOL_CONVERSION = YES;
				CLANG_WARN_COMMA = YES;
				CLANG_WARN_CONSTANT_CONVERSION = YES;
				CLANG_WARN_DEPRECATED_OBJC_IMPLEMENTATIONS = YES;
				CLANG_WARN_DIRECT_OBJC_ISA_USAGE = YES_ERROR;
				CLANG_WARN_DOCUMENTATION_COMMENTS = YES;
				CLANG_WARN_EMPTY_BODY = YES;
				CLANG_WARN_ENUM_CONVERSION = YES;
				CLANG_WARN_INFINITE_RECURSION = YES;
				CLANG_WARN_INT_CONVERSION = YES;
				CLANG_WARN_NON_LITERAL_NULL_CONVERSION = YES;
				CLANG_WARN_OBJC_IMPLICIT_RETAIN_SELF = YES;
				CLANG_WARN_OBJC_LITERAL_CONVERSION = YES;
				CLANG_WARN_OBJC_ROOT_CLASS = YES_ERROR;
				CLANG_WARN_QUOTED_INCLUDE_IN_FRAMEWORK_HEADER = YES;
				CLANG_WARN_RANGE_LOOP_ANALYSIS = YES;
				CLANG_WARN_STRICT_PROTOTYPES = YES;
				CLANG_WARN_SUSPICIOUS_MOVE = YES;
				CLANG_WARN_UNGUARDED_AVAILABILITY = YES_AGGRESSIVE;
				CLANG_WARN_UNREACHABLE_CODE = YES;
				CLANG_WARN__DUPLICATE_METHOD_MATCH = YES;
				COPY_PHASE_STRIP = NO;
				DEBUG_INFORMATION_FORMAT = dwarf;
				ENABLE_STRICT_OBJC_MSGSEND = YES;
				ENABLE_TESTABILITY = YES;
				ENABLE_USER_SCRIPT_SANDBOXING = YES;
				GCC_C_LANGUAGE_STANDARD = gnu17;
				GCC_DYNAMIC_NO_PIC = NO;
				GCC_NO_COMMON_BLOCKS = YES;
				GCC_OPTIMIZATION_LEVEL = 0;
				GCC_PREPROCESSOR_DEFINITIONS = (
					"DEBUG=1",
					"$(inherited)",
				);
				GCC_WARN_64_TO_32_BIT_CONVERSION = YES;
				GCC_WARN_ABOUT_RETURN_TYPE = YES_ERROR;
				GCC_WARN_UNDECLARED_SELECTOR = YES;
				GCC_WARN_UNINITIALIZED_AUTOS = YES_AGGRESSIVE;
				GCC_WARN_UNUSED_FUNCTION = YES;
				GCC_WARN_UNUSED_VARIABLE = YES;
				IPHONEOS_DEPLOYMENT_TARGET = 15.0;
				LOCALIZATION_PREFERS_STRING_CATALOGS = YES;
				MTL_ENABLE_DEBUG_INFO = INCLUDE_SOURCE;
				MTL_FAST_MATH = YES;
				ONLY_ACTIVE_ARCH = YES;
				SDKROOT = iphoneos;
				SWIFT_ACTIVE_COMPILATION_CONDITIONS = "DEBUG $(inherited)";
				SWIFT_OPTIMIZATION_LEVEL = "-Onone";
			};
			name = Debug;
		};
		F67F81382AEEFD5900A2024B /* Release */ = {
			isa = XCBuildConfiguration;
			buildSettings = {
				ALWAYS_SEARCH_USER_PATHS = NO;
				ASSETCATALOG_COMPILER_GENERATE_SWIFT_ASSET_SYMBOL_EXTENSIONS = YES;
				CLANG_ANALYZER_NONNULL = YES;
				CLANG_ANALYZER_NUMBER_OBJECT_CONVERSION = YES_AGGRESSIVE;
				CLANG_CXX_LANGUAGE_STANDARD = "gnu++20";
				CLANG_ENABLE_MODULES = YES;
				CLANG_ENABLE_OBJC_ARC = YES;
				CLANG_ENABLE_OBJC_WEAK = YES;
				CLANG_WARN_BLOCK_CAPTURE_AUTORELEASING = YES;
				CLANG_WARN_BOOL_CONVERSION = YES;
				CLANG_WARN_COMMA = YES;
				CLANG_WARN_CONSTANT_CONVERSION = YES;
				CLANG_WARN_DEPRECATED_OBJC_IMPLEMENTATIONS = YES;
				CLANG_WARN_DIRECT_OBJC_ISA_USAGE = YES_ERROR;
				CLANG_WARN_DOCUMENTATION_COMMENTS = YES;
				CLANG_WARN_EMPTY_BODY = YES;
				CLANG_WARN_ENUM_CONVERSION = YES;
				CLANG_WARN_INFINITE_RECURSION = YES;
				CLANG_WARN_INT_CONVERSION = YES;
				CLANG_WARN_NON_LITERAL_NULL_CONVERSION = YES;
				CLANG_WARN_OBJC_IMPLICIT_RETAIN_SELF = YES;
				CLANG_WARN_OBJC_LITERAL_CONVERSION = YES;
				CLANG_WARN_OBJC_ROOT_CLASS = YES_ERROR;
				CLANG_WARN_QUOTED_INCLUDE_IN_FRAMEWORK_HEADER = YES;
				CLANG_WARN_RANGE_LOOP_ANALYSIS = YES;
				CLANG_WARN_STRICT_PROTOTYPES = YES;
				CLANG_WARN_SUSPICIOUS_MOVE = YES;
				CLANG_WARN_UNGUARDED_AVAILABILITY = YES_AGGRESSIVE;
				CLANG_WARN_UNREACHABLE_CODE = YES;
				CLANG_WARN__DUPLICATE_METHOD_MATCH = YES;
				COPY_PHASE_STRIP = NO;
				DEBUG_INFORMATION_FORMAT = "dwarf-with-dsym";
				ENABLE_NS_ASSERTIONS = NO;
				ENABLE_STRICT_OBJC_MSGSEND = YES;
				ENABLE_USER_SCRIPT_SANDBOXING = YES;
				GCC_C_LANGUAGE_STANDARD = gnu17;
				GCC_NO_COMMON_BLOCKS = YES;
				GCC_WARN_64_TO_32_BIT_CONVERSION = YES;
				GCC_WARN_ABOUT_RETURN_TYPE = YES_ERROR;
				GCC_WARN_UNDECLARED_SELECTOR = YES;
				GCC_WARN_UNINITIALIZED_AUTOS = YES_AGGRESSIVE;
				GCC_WARN_UNUSED_FUNCTION = YES;
				GCC_WARN_UNUSED_VARIABLE = YES;
				IPHONEOS_DEPLOYMENT_TARGET = 15.0;
				LOCALIZATION_PREFERS_STRING_CATALOGS = YES;
				MTL_ENABLE_DEBUG_INFO = NO;
				MTL_FAST_MATH = YES;
				ONLY_ACTIVE_ARCH = YES;
				SDKROOT = iphoneos;
				SWIFT_COMPILATION_MODE = wholemodule;
				VALIDATE_PRODUCT = YES;
			};
			name = Release;
		};
		F67F813A2AEEFD5900A2024B /* Debug */ = {
			isa = XCBuildConfiguration;
			baseConfigurationReference = BB8E2B97DF87CF1EB2A165E2 /* Pods-TestWikipedia.debug.xcconfig */;
			buildSettings = {
				ASSETCATALOG_COMPILER_APPICON_NAME = AppIcon;
				ASSETCATALOG_COMPILER_GLOBAL_ACCENT_COLOR_NAME = AccentColor;
				CODE_SIGN_STYLE = Automatic;
				CURRENT_PROJECT_VERSION = 1;
				DEVELOPMENT_TEAM = WYS4CR7DG7;
				ENABLE_USER_SCRIPT_SANDBOXING = NO;
				GENERATE_INFOPLIST_FILE = YES;
				INFOPLIST_FILE = TestWikipedia/Info.plist;
				INFOPLIST_KEY_UIApplicationSupportsIndirectInputEvents = YES;
				INFOPLIST_KEY_UILaunchStoryboardName = LaunchScreen;
				INFOPLIST_KEY_UIMainStoryboardFile = "";
				INFOPLIST_KEY_UISupportedInterfaceOrientations = UIInterfaceOrientationPortrait;
				IPHONEOS_DEPLOYMENT_TARGET = 15.0;
				LD_RUNPATH_SEARCH_PATHS = (
					"$(inherited)",
					"@executable_path/Frameworks",
				);
				MARKETING_VERSION = 1.0;
				PRODUCT_BUNDLE_IDENTIFIER = casiocompa.TestWikipedia;
				PRODUCT_NAME = "$(TARGET_NAME)";
				SUPPORTED_PLATFORMS = "iphoneos iphonesimulator";
				SUPPORTS_MACCATALYST = NO;
				SUPPORTS_MAC_DESIGNED_FOR_IPHONE_IPAD = NO;
				SWIFT_EMIT_LOC_STRINGS = YES;
				SWIFT_VERSION = 5.0;
				TARGETED_DEVICE_FAMILY = 1;
			};
			name = Debug;
		};
		F67F813B2AEEFD5900A2024B /* Release */ = {
			isa = XCBuildConfiguration;
			baseConfigurationReference = 72002AAD66E2B028454F6C04 /* Pods-TestWikipedia.release.xcconfig */;
			buildSettings = {
				ASSETCATALOG_COMPILER_APPICON_NAME = AppIcon;
				ASSETCATALOG_COMPILER_GLOBAL_ACCENT_COLOR_NAME = AccentColor;
				CODE_SIGN_STYLE = Automatic;
				CURRENT_PROJECT_VERSION = 1;
				DEVELOPMENT_TEAM = WYS4CR7DG7;
				ENABLE_USER_SCRIPT_SANDBOXING = NO;
				GENERATE_INFOPLIST_FILE = YES;
				INFOPLIST_FILE = TestWikipedia/Info.plist;
				INFOPLIST_KEY_UIApplicationSupportsIndirectInputEvents = YES;
				INFOPLIST_KEY_UILaunchStoryboardName = LaunchScreen;
				INFOPLIST_KEY_UIMainStoryboardFile = "";
				INFOPLIST_KEY_UISupportedInterfaceOrientations = UIInterfaceOrientationPortrait;
				IPHONEOS_DEPLOYMENT_TARGET = 15.0;
				LD_RUNPATH_SEARCH_PATHS = (
					"$(inherited)",
					"@executable_path/Frameworks",
				);
				MARKETING_VERSION = 1.0;
				ONLY_ACTIVE_ARCH = YES;
				PRODUCT_BUNDLE_IDENTIFIER = casiocompa.TestWikipedia;
				PRODUCT_NAME = "$(TARGET_NAME)";
				SUPPORTED_PLATFORMS = "iphoneos iphonesimulator";
				SUPPORTS_MACCATALYST = NO;
				SUPPORTS_MAC_DESIGNED_FOR_IPHONE_IPAD = NO;
				SWIFT_EMIT_LOC_STRINGS = YES;
				SWIFT_VERSION = 5.0;
				TARGETED_DEVICE_FAMILY = 1;
			};
			name = Release;
		};
/* End XCBuildConfiguration section */

/* Begin XCConfigurationList section */
		F67F81202AEEFD5800A2024B /* Build configuration list for PBXProject "TestWikipedia" */ = {
			isa = XCConfigurationList;
			buildConfigurations = (
				F67F81372AEEFD5900A2024B /* Debug */,
				F67F81382AEEFD5900A2024B /* Release */,
			);
			defaultConfigurationIsVisible = 0;
			defaultConfigurationName = Release;
		};
		F67F81392AEEFD5900A2024B /* Build configuration list for PBXNativeTarget "TestWikipedia" */ = {
			isa = XCConfigurationList;
			buildConfigurations = (
				F67F813A2AEEFD5900A2024B /* Debug */,
				F67F813B2AEEFD5900A2024B /* Release */,
			);
			defaultConfigurationIsVisible = 0;
			defaultConfigurationName = Release;
		};
/* End XCConfigurationList section */
	};
	rootObject = F67F811D2AEEFD5800A2024B /* Project object */;
}
